
Microsoft Visual Studio Solution File, Format Version 12.00
# Visual Studio 15
VisualStudioVersion = 15.0.28307.421
MinimumVisualStudioVersion = 10.0.40219.1
Project("{FAE04EC0-301F-11D3-BF4B-00C04F79EFBC}") = "SilentLux.LanguageExt.Errors", "SilentLux.LanguageExt.Errors\SilentLux.LanguageExt.Errors.csproj", "{34731925-2D75-4722-B621-0F22E224795E}"
EndProject
Project("{FAE04EC0-301F-11D3-BF4B-00C04F79EFBC}") = "SilentLux.LanguageExt.Errors.Tests", "SilentLux.LanguageExt.Errors.Tests\SilentLux.LanguageExt.Errors.Tests.csproj", "{A35131C6-A75D-469D-AB7B-2C63B3D55EF1}"
EndProject
Global
	GlobalSection(SolutionConfigurationPlatforms) = preSolution
		Debug|Any CPU = Debug|Any CPU
		Release|Any CPU = Release|Any CPU
	EndGlobalSection
	GlobalSection(ProjectConfigurationPlatforms) = postSolution
		{34731925-2D75-4722-B621-0F22E224795E}.Debug|Any CPU.ActiveCfg = Debug|Any CPU
		{34731925-2D75-4722-B621-0F22E224795E}.Debug|Any CPU.Build.0 = Debug|Any CPU
		{34731925-2D75-4722-B621-0F22E224795E}.Release|Any CPU.ActiveCfg = Release|Any CPU
		{34731925-2D75-4722-B621-0F22E224795E}.Release|Any CPU.Build.0 = Release|Any CPU
		{A35131C6-A75D-469D-AB7B-2C63B3D55EF1}.Debug|Any CPU.ActiveCfg = Debug|Any CPU
		{A35131C6-A75D-469D-AB7B-2C63B3D55EF1}.Debug|Any CPU.Build.0 = Debug|Any CPU
		{A35131C6-A75D-469D-AB7B-2C63B3D55EF1}.Release|Any CPU.ActiveCfg = Release|Any CPU
		{A35131C6-A75D-469D-AB7B-2C63B3D55EF1}.Release|Any CPU.Build.0 = Release|Any CPU
	EndGlobalSection
	GlobalSection(SolutionProperties) = preSolution
		HideSolutionNode = FALSE
	EndGlobalSection
	GlobalSection(ExtensibilityGlobals) = postSolution
		SolutionGuid = {3DE4EB11-F302-4391-AAD8-79E546BDC995}
	EndGlobalSection
EndGlobal
